
Microsoft Visual Studio Solution File, Format Version 12.00
# Visual Studio Version 17
VisualStudioVersion = 17.7.34031.279
MinimumVisualStudioVersion = 10.0.40219.1
Project("{9A19103F-16F7-4668-BE54-9A1E7A4F7556}") = "BookTask", "BookTask.csproj", "{0580A5D8-9FD1-4FE2-8A5B-8B9703F82F05}"
EndProject
Project("{9A19103F-16F7-4668-BE54-9A1E7A4F7556}") = "Core", "..\Core\Core.csproj", "{09453B0E-A7D5-4CC9-B217-D57CCF7C236D}"
EndProject
Global
	GlobalSection(SolutionConfigurationPlatforms) = preSolution
		Debug|Any CPU = Debug|Any CPU
		Release|Any CPU = Release|Any CPU
	EndGlobalSection
	GlobalSection(ProjectConfigurationPlatforms) = postSolution
		{0580A5D8-9FD1-4FE2-8A5B-8B9703F82F05}.Debug|Any CPU.ActiveCfg = Debug|Any CPU
		{0580A5D8-9FD1-4FE2-8A5B-8B9703F82F05}.Debug|Any CPU.Build.0 = Debug|Any CPU
		{0580A5D8-9FD1-4FE2-8A5B-8B9703F82F05}.Release|Any CPU.ActiveCfg = Release|Any CPU
		{0580A5D8-9FD1-4FE2-8A5B-8B9703F82F05}.Release|Any CPU.Build.0 = Release|Any CPU
		{09453B0E-A7D5-4CC9-B217-D57CCF7C236D}.Debug|Any CPU.ActiveCfg = Debug|Any CPU
		{09453B0E-A7D5-4CC9-B217-D57CCF7C236D}.Debug|Any CPU.Build.0 = Debug|Any CPU
		{09453B0E-A7D5-4CC9-B217-D57CCF7C236D}.Release|Any CPU.ActiveCfg = Release|Any CPU
		{09453B0E-A7D5-4CC9-B217-D57CCF7C236D}.Release|Any CPU.Build.0 = Release|Any CPU
	EndGlobalSection
	GlobalSection(SolutionProperties) = preSolution
		HideSolutionNode = FALSE
	EndGlobalSection
	GlobalSection(ExtensibilityGlobals) = postSolution
		SolutionGuid = {71DA18E8-A8AD-4BC9-A217-9DAEF34B8F35}
	EndGlobalSection
EndGlobal
